// !$*UTF8*$!
{
	archiveVersion = 1;
	classes = {
	};
	objectVersion = 48;
	objects = {

/* Begin PBXBuildFile section */
		3439123D200FEBB1002970BD /* AppDelegate.swift in Sources */ = {isa = PBXBuildFile; fileRef = 3439123C200FEBB1002970BD /* AppDelegate.swift */; };
		3439123F200FEBB1002970BD /* BucketListViewController.swift in Sources */ = {isa = PBXBuildFile; fileRef = 3439123E200FEBB1002970BD /* BucketListViewController.swift */; };
		34391242200FEBB1002970BD /* Main.storyboard in Resources */ = {isa = PBXBuildFile; fileRef = 34391240200FEBB1002970BD /* Main.storyboard */; };
		34391244200FEBB1002970BD /* Assets.xcassets in Resources */ = {isa = PBXBuildFile; fileRef = 34391243200FEBB1002970BD /* Assets.xcassets */; };
		34391247200FEBB1002970BD /* LaunchScreen.storyboard in Resources */ = {isa = PBXBuildFile; fileRef = 34391245200FEBB1002970BD /* LaunchScreen.storyboard */; };
		34391252200FEBB1002970BD /* BucketListTests.swift in Sources */ = {isa = PBXBuildFile; fileRef = 34391251200FEBB1002970BD /* BucketListTests.swift */; };
		3439125D200FEBB1002970BD /* BucketListUITests.swift in Sources */ = {isa = PBXBuildFile; fileRef = 3439125C200FEBB1002970BD /* BucketListUITests.swift */; };
		34391271201002DA002970BD /* AddItemTableViewController.swift in Sources */ = {isa = PBXBuildFile; fileRef = 34391270201002DA002970BD /* AddItemTableViewController.swift */; };
		3439127B201030C8002970BD /* AddItemTableViewControllerDelegate.swift in Sources */ = {isa = PBXBuildFile; fileRef = 3439127A201030C8002970BD /* AddItemTableViewControllerDelegate.swift */; };
		348ECC1E20167E7100093787 /* BucketList.xcdatamodeld in Sources */ = {isa = PBXBuildFile; fileRef = 348ECC1C20167E7100093787 /* BucketList.xcdatamodeld */; };
/* End PBXBuildFile section */

/* Begin PBXContainerItemProxy section */
		3439124E200FEBB1002970BD /* PBXContainerItemProxy */ = {
			isa = PBXContainerItemProxy;
			containerPortal = 34391231200FEBB1002970BD /* Project object */;
			proxyType = 1;
			remoteGlobalIDString = 34391238200FEBB1002970BD;
			remoteInfo = BucketList;
		};
		34391259200FEBB1002970BD /* PBXContainerItemProxy */ = {
			isa = PBXContainerItemProxy;
			containerPortal = 34391231200FEBB1002970BD /* Project object */;
			proxyType = 1;
			remoteGlobalIDString = 34391238200FEBB1002970BD;
			remoteInfo = BucketList;
		};
/* End PBXContainerItemProxy section */

/* Begin PBXFileReference section */
		34391239200FEBB1002970BD /* BucketList.app */ = {isa = PBXFileReference; explicitFileType = wrapper.application; includeInIndex = 0; path = BucketList.app; sourceTree = BUILT_PRODUCTS_DIR; };
		3439123C200FEBB1002970BD /* AppDelegate.swift */ = {isa = PBXFileReference; lastKnownFileType = sourcecode.swift; path = AppDelegate.swift; sourceTree = "<group>"; };
		3439123E200FEBB1002970BD /* BucketListViewController.swift */ = {isa = PBXFileReference; lastKnownFileType = sourcecode.swift; path = BucketListViewController.swift; sourceTree = "<group>"; };
		34391241200FEBB1002970BD /* Base */ = {isa = PBXFileReference; lastKnownFileType = file.storyboard; name = Base; path = Base.lproj/Main.storyboard; sourceTree = "<group>"; };
		34391243200FEBB1002970BD /* Assets.xcassets */ = {isa = PBXFileReference; lastKnownFileType = folder.assetcatalog; path = Assets.xcassets; sourceTree = "<group>"; };
		34391246200FEBB1002970BD /* Base */ = {isa = PBXFileReference; lastKnownFileType = file.storyboard; name = Base; path = Base.lproj/LaunchScreen.storyboard; sourceTree = "<group>"; };
		34391248200FEBB1002970BD /* Info.plist */ = {isa = PBXFileReference; lastKnownFileType = text.plist.xml; path = Info.plist; sourceTree = "<group>"; };
		3439124D200FEBB1002970BD /* BucketListTests.xctest */ = {isa = PBXFileReference; explicitFileType = wrapper.cfbundle; includeInIndex = 0; path = BucketListTests.xctest; sourceTree = BUILT_PRODUCTS_DIR; };
		34391251200FEBB1002970BD /* BucketListTests.swift */ = {isa = PBXFileReference; lastKnownFileType = sourcecode.swift; path = BucketListTests.swift; sourceTree = "<group>"; };
		34391253200FEBB1002970BD /* Info.plist */ = {isa = PBXFileReference; lastKnownFileType = text.plist.xml; path = Info.plist; sourceTree = "<group>"; };
		34391258200FEBB1002970BD /* BucketListUITests.xctest */ = {isa = PBXFileReference; explicitFileType = wrapper.cfbundle; includeInIndex = 0; path = BucketListUITests.xctest; sourceTree = BUILT_PRODUCTS_DIR; };
		3439125C200FEBB1002970BD /* BucketListUITests.swift */ = {isa = PBXFileReference; lastKnownFileType = sourcecode.swift; path = BucketListUITests.swift; sourceTree = "<group>"; };
		3439125E200FEBB1002970BD /* Info.plist */ = {isa = PBXFileReference; lastKnownFileType = text.plist.xml; path = Info.plist; sourceTree = "<group>"; };
		34391270201002DA002970BD /* AddItemTableViewController.swift */ = {isa = PBXFileReference; lastKnownFileType = sourcecode.swift; path = AddItemTableViewController.swift; sourceTree = "<group>"; };
		3439127A201030C8002970BD /* AddItemTableViewControllerDelegate.swift */ = {isa = PBXFileReference; lastKnownFileType = sourcecode.swift; path = AddItemTableViewControllerDelegate.swift; sourceTree = "<group>"; };
		348ECC1D20167E7100093787 /* Model.xcdatamodel */ = {isa = PBXFileReference; lastKnownFileType = wrapper.xcdatamodel; path = Model.xcdatamodel; sourceTree = "<group>"; };
/* End PBXFileReference section */

/* Begin PBXFrameworksBuildPhase section */
		34391236200FEBB1002970BD /* Frameworks */ = {
			isa = PBXFrameworksBuildPhase;
			buildActionMask = 2147483647;
			files = (
			);
			runOnlyForDeploymentPostprocessing = 0;
		};
		3439124A200FEBB1002970BD /* Frameworks */ = {
			isa = PBXFrameworksBuildPhase;
			buildActionMask = 2147483647;
			files = (
			);
			runOnlyForDeploymentPostprocessing = 0;
		};
		34391255200FEBB1002970BD /* Frameworks */ = {
			isa = PBXFrameworksBuildPhase;
			buildActionMask = 2147483647;
			files = (
			);
			runOnlyForDeploymentPostprocessing = 0;
		};
/* End PBXFrameworksBuildPhase section */

/* Begin PBXGroup section */
		34391230200FEBB1002970BD = {
			isa = PBXGroup;
			children = (
				3439123B200FEBB1002970BD /* BucketList */,
				34391250200FEBB1002970BD /* BucketListTests */,
				3439125B200FEBB1002970BD /* BucketListUITests */,
				3439123A200FEBB1002970BD /* Products */,
			);
			sourceTree = "<group>";
		};
		3439123A200FEBB1002970BD /* Products */ = {
			isa = PBXGroup;
			children = (
				34391239200FEBB1002970BD /* BucketList.app */,
				3439124D200FEBB1002970BD /* BucketListTests.xctest */,
				34391258200FEBB1002970BD /* BucketListUITests.xctest */,
			);
			name = Products;
			sourceTree = "<group>";
		};
		3439123B200FEBB1002970BD /* BucketList */ = {
			isa = PBXGroup;
			children = (
				3439123C200FEBB1002970BD /* AppDelegate.swift */,
				348ECC1C20167E7100093787 /* BucketList.xcdatamodeld */,
				3439123E200FEBB1002970BD /* BucketListViewController.swift */,
				34391240200FEBB1002970BD /* Main.storyboard */,
				3439127A201030C8002970BD /* AddItemTableViewControllerDelegate.swift */,
				34391270201002DA002970BD /* AddItemTableViewController.swift */,
				34391243200FEBB1002970BD /* Assets.xcassets */,
				34391245200FEBB1002970BD /* LaunchScreen.storyboard */,
				34391248200FEBB1002970BD /* Info.plist */,
			);
			path = BucketList;
			sourceTree = "<group>";
		};
		34391250200FEBB1002970BD /* BucketListTests */ = {
			isa = PBXGroup;
			children = (
				34391251200FEBB1002970BD /* BucketListTests.swift */,
				34391253200FEBB1002970BD /* Info.plist */,
			);
			path = BucketListTests;
			sourceTree = "<group>";
		};
		3439125B200FEBB1002970BD /* BucketListUITests */ = {
			isa = PBXGroup;
			children = (
				3439125C200FEBB1002970BD /* BucketListUITests.swift */,
				3439125E200FEBB1002970BD /* Info.plist */,
			);
			path = BucketListUITests;
			sourceTree = "<group>";
		};
/* End PBXGroup section */

/* Begin PBXNativeTarget section */
		34391238200FEBB1002970BD /* BucketList */ = {
			isa = PBXNativeTarget;
			buildConfigurationList = 34391261200FEBB1002970BD /* Build configuration list for PBXNativeTarget "BucketList" */;
			buildPhases = (
				34391235200FEBB1002970BD /* Sources */,
				34391236200FEBB1002970BD /* Frameworks */,
				34391237200FEBB1002970BD /* Resources */,
			);
			buildRules = (
			);
			dependencies = (
			);
			name = BucketList;
			productName = BucketList;
			productReference = 34391239200FEBB1002970BD /* BucketList.app */;
			productType = "com.apple.product-type.application";
		};
		3439124C200FEBB1002970BD /* BucketListTests */ = {
			isa = PBXNativeTarget;
			buildConfigurationList = 34391264200FEBB1002970BD /* Build configuration list for PBXNativeTarget "BucketListTests" */;
			buildPhases = (
				34391249200FEBB1002970BD /* Sources */,
				3439124A200FEBB1002970BD /* Frameworks */,
				3439124B200FEBB1002970BD /* Resources */,
			);
			buildRules = (
			);
			dependencies = (
				3439124F200FEBB1002970BD /* PBXTargetDependency */,
			);
			name = BucketListTests;
			productName = BucketListTests;
			productReference = 3439124D200FEBB1002970BD /* BucketListTests.xctest */;
			productType = "com.apple.product-type.bundle.unit-test";
		};
		34391257200FEBB1002970BD /* BucketListUITests */ = {
			isa = PBXNativeTarget;
			buildConfigurationList = 34391267200FEBB1002970BD /* Build configuration list for PBXNativeTarget "BucketListUITests" */;
			buildPhases = (
				34391254200FEBB1002970BD /* Sources */,
				34391255200FEBB1002970BD /* Frameworks */,
				34391256200FEBB1002970BD /* Resources */,
			);
			buildRules = (
			);
			dependencies = (
				3439125A200FEBB1002970BD /* PBXTargetDependency */,
			);
			name = BucketListUITests;
			productName = BucketListUITests;
			productReference = 34391258200FEBB1002970BD /* BucketListUITests.xctest */;
			productType = "com.apple.product-type.bundle.ui-testing";
		};
/* End PBXNativeTarget section */

/* Begin PBXProject section */
		34391231200FEBB1002970BD /* Project object */ = {
			isa = PBXProject;
			attributes = {
				LastSwiftUpdateCheck = 0920;
				LastUpgradeCheck = 0920;
				ORGANIZATIONNAME = "Matthew Burnside";
				TargetAttributes = {
					34391238200FEBB1002970BD = {
						CreatedOnToolsVersion = 9.2;
						ProvisioningStyle = Automatic;
					};
					3439124C200FEBB1002970BD = {
						CreatedOnToolsVersion = 9.2;
						ProvisioningStyle = Automatic;
						TestTargetID = 34391238200FEBB1002970BD;
					};
					34391257200FEBB1002970BD = {
						CreatedOnToolsVersion = 9.2;
						ProvisioningStyle = Automatic;
						TestTargetID = 34391238200FEBB1002970BD;
					};
				};
			};
			buildConfigurationList = 34391234200FEBB1002970BD /* Build configuration list for PBXProject "BucketList" */;
			compatibilityVersion = "Xcode 8.0";
			developmentRegion = en;
			hasScannedForEncodings = 0;
			knownRegions = (
				en,
				Base,
			);
			mainGroup = 34391230200FEBB1002970BD;
			productRefGroup = 3439123A200FEBB1002970BD /* Products */;
			projectDirPath = "";
			projectRoot = "";
			targets = (
				34391238200FEBB1002970BD /* BucketList */,
				3439124C200FEBB1002970BD /* BucketListTests */,
				34391257200FEBB1002970BD /* BucketListUITests */,
			);
		};
/* End PBXProject section */

/* Begin PBXResourcesBuildPhase section */
		34391237200FEBB1002970BD /* Resources */ = {
			isa = PBXResourcesBuildPhase;
			buildActionMask = 2147483647;
			files = (
				34391247200FEBB1002970BD /* LaunchScreen.storyboard in Resources */,
				34391244200FEBB1002970BD /* Assets.xcassets in Resources */,
				34391242200FEBB1002970BD /* Main.storyboard in Resources */,
			);
			runOnlyForDeploymentPostprocessing = 0;
		};
		3439124B200FEBB1002970BD /* Resources */ = {
			isa = PBXResourcesBuildPhase;
			buildActionMask = 2147483647;
			files = (
			);
			runOnlyForDeploymentPostprocessing = 0;
		};
		34391256200FEBB1002970BD /* Resources */ = {
			isa = PBXResourcesBuildPhase;
			buildActionMask = 2147483647;
			files = (
			);
			runOnlyForDeploymentPostprocessing = 0;
		};
/* End PBXResourcesBuildPhase section */

/* Begin PBXSourcesBuildPhase section */
		34391235200FEBB1002970BD /* Sources */ = {
			isa = PBXSourcesBuildPhase;
			buildActionMask = 2147483647;
			files = (
				3439123F200FEBB1002970BD /* BucketListViewController.swift in Sources */,
				3439123D200FEBB1002970BD /* AppDelegate.swift in Sources */,
				348ECC1E20167E7100093787 /* BucketList.xcdatamodeld in Sources */,
				3439127B201030C8002970BD /* AddItemTableViewControllerDelegate.swift in Sources */,
				34391271201002DA002970BD /* AddItemTableViewController.swift in Sources */,
			);
			runOnlyForDeploymentPostprocessing = 0;
		};
		34391249200FEBB1002970BD /* Sources */ = {
			isa = PBXSourcesBuildPhase;
			buildActionMask = 2147483647;
			files = (
				34391252200FEBB1002970BD /* BucketListTests.swift in Sources */,
			);
			runOnlyForDeploymentPostprocessing = 0;
		};
		34391254200FEBB1002970BD /* Sources */ = {
			isa = PBXSourcesBuildPhase;
			buildActionMask = 2147483647;
			files = (
				3439125D200FEBB1002970BD /* BucketListUITests.swift in Sources */,
			);
			runOnlyForDeploymentPostprocessing = 0;
		};
/* End PBXSourcesBuildPhase section */

/* Begin PBXTargetDependency section */
		3439124F200FEBB1002970BD /* PBXTargetDependency */ = {
			isa = PBXTargetDependency;
			target = 34391238200FEBB1002970BD /* BucketList */;
			targetProxy = 3439124E200FEBB1002970BD /* PBXContainerItemProxy */;
		};
		3439125A200FEBB1002970BD /* PBXTargetDependency */ = {
			isa = PBXTargetDependency;
			target = 34391238200FEBB1002970BD /* BucketList */;
			targetProxy = 34391259200FEBB1002970BD /* PBXContainerItemProxy */;
		};
/* End PBXTargetDependency section */

/* Begin PBXVariantGroup section */
		34391240200FEBB1002970BD /* Main.storyboard */ = {
			isa = PBXVariantGroup;
			children = (
				34391241200FEBB1002970BD /* Base */,
			);
			name = Main.storyboard;
			sourceTree = "<group>";
		};
		34391245200FEBB1002970BD /* LaunchScreen.storyboard */ = {
			isa = PBXVariantGroup;
			children = (
				34391246200FEBB1002970BD /* Base */,
			);
			name = LaunchScreen.storyboard;
			sourceTree = "<group>";
		};
/* End PBXVariantGroup section */

/* Begin XCBuildConfiguration section */
		3439125F200FEBB1002970BD /* Debug */ = {
			isa = XCBuildConfiguration;
			buildSettings = {
				ALWAYS_SEARCH_USER_PATHS = NO;
				CLANG_ANALYZER_NONNULL = YES;
				CLANG_ANALYZER_NUMBER_OBJECT_CONVERSION = YES_AGGRESSIVE;
				CLANG_CXX_LANGUAGE_STANDARD = "gnu++14";
				CLANG_CXX_LIBRARY = "libc++";
				CLANG_ENABLE_MODULES = YES;
				CLANG_ENABLE_OBJC_ARC = YES;
				CLANG_WARN_BLOCK_CAPTURE_AUTORELEASING = YES;
				CLANG_WARN_BOOL_CONVERSION = YES;
				CLANG_WARN_COMMA = YES;
				CLANG_WARN_CONSTANT_CONVERSION = YES;
				CLANG_WARN_DIRECT_OBJC_ISA_USAGE = YES_ERROR;
				CLANG_WARN_DOCUMENTATION_COMMENTS = YES;
				CLANG_WARN_EMPTY_BODY = YES;
				CLANG_WARN_ENUM_CONVERSION = YES;
				CLANG_WARN_INFINITE_RECURSION = YES;
				CLANG_WARN_INT_CONVERSION = YES;
				CLANG_WARN_NON_LITERAL_NULL_CONVERSION = YES;
				CLANG_WARN_OBJC_LITERAL_CONVERSION = YES;
				CLANG_WARN_OBJC_ROOT_CLASS = YES_ERROR;
				CLANG_WARN_RANGE_LOOP_ANALYSIS = YES;
				CLANG_WARN_STRICT_PROTOTYPES = YES;
				CLANG_WARN_SUSPICIOUS_MOVE = YES;
				CLANG_WARN_UNGUARDED_AVAILABILITY = YES_AGGRESSIVE;
				CLANG_WARN_UNREACHABLE_CODE = YES;
				CLANG_WARN__DUPLICATE_METHOD_MATCH = YES;
				CODE_SIGN_IDENTITY = "iPhone Developer";
				COPY_PHASE_STRIP = NO;
				DEBUG_INFORMATION_FORMAT = dwarf;
				ENABLE_STRICT_OBJC_MSGSEND = YES;
				ENABLE_TESTABILITY = YES;
				GCC_C_LANGUAGE_STANDARD = gnu11;
				GCC_DYNAMIC_NO_PIC = NO;
				GCC_NO_COMMON_BLOCKS = YES;
				GCC_OPTIMIZATION_LEVEL = 0;
				GCC_PREPROCESSOR_DEFINITIONS = (
					"DEBUG=1",
					"$(inherited)",
				);
				GCC_WARN_64_TO_32_BIT_CONVERSION = YES;
				GCC_WARN_ABOUT_RETURN_TYPE = YES_ERROR;
				GCC_WARN_UNDECLARED_SELECTOR = YES;
				GCC_WARN_UNINITIALIZED_AUTOS = YES_AGGRESSIVE;
				GCC_WARN_UNUSED_FUNCTION = YES;
				GCC_WARN_UNUSED_VARIABLE = YES;
				IPHONEOS_DEPLOYMENT_TARGET = 11.2;
				MTL_ENABLE_DEBUG_INFO = YES;
				ONLY_ACTIVE_ARCH = YES;
				SDKROOT = iphoneos;
				SWIFT_ACTIVE_COMPILATION_CONDITIONS = DEBUG;
				SWIFT_OPTIMIZATION_LEVEL = "-Onone";
			};
			name = Debug;
		};
		34391260200FEBB1002970BD /* Release */ = {
			isa = XCBuildConfiguration;
			buildSettings = {
				ALWAYS_SEARCH_USER_PATHS = NO;
				CLANG_ANALYZER_NONNULL = YES;
				CLANG_ANALYZER_NUMBER_OBJECT_CONVERSION = YES_AGGRESSIVE;
				CLANG_CXX_LANGUAGE_STANDARD = "gnu++14";
				CLANG_CXX_LIBRARY = "libc++";
				CLANG_ENABLE_MODULES = YES;
				CLANG_ENABLE_OBJC_ARC = YES;
				CLANG_WARN_BLOCK_CAPTURE_AUTORELEASING = YES;
				CLANG_WARN_BOOL_CONVERSION = YES;
				CLANG_WARN_COMMA = YES;
				CLANG_WARN_CONSTANT_CONVERSION = YES;
				CLANG_WARN_DIRECT_OBJC_ISA_USAGE = YES_ERROR;
				CLANG_WARN_DOCUMENTATION_COMMENTS = YES;
				CLANG_WARN_EMPTY_BODY = YES;
				CLANG_WARN_ENUM_CONVERSION = YES;
				CLANG_WARN_INFINITE_RECURSION = YES;
				CLANG_WARN_INT_CONVERSION = YES;
				CLANG_WARN_NON_LITERAL_NULL_CONVERSION = YES;
				CLANG_WARN_OBJC_LITERAL_CONVERSION = YES;
				CLANG_WARN_OBJC_ROOT_CLASS = YES_ERROR;
				CLANG_WARN_RANGE_LOOP_ANALYSIS = YES;
				CLANG_WARN_STRICT_PROTOTYPES = YES;
				CLANG_WARN_SUSPICIOUS_MOVE = YES;
				CLANG_WARN_UNGUARDED_AVAILABILITY = YES_AGGRESSIVE;
				CLANG_WARN_UNREACHABLE_CODE = YES;
				CLANG_WARN__DUPLICATE_METHOD_MATCH = YES;
				CODE_SIGN_IDENTITY = "iPhone Developer";
				COPY_PHASE_STRIP = NO;
				DEBUG_INFORMATION_FORMAT = "dwarf-with-dsym";
				ENABLE_NS_ASSERTIONS = NO;
				ENABLE_STRICT_OBJC_MSGSEND = YES;
				GCC_C_LANGUAGE_STANDARD = gnu11;
				GCC_NO_COMMON_BLOCKS = YES;
				GCC_WARN_64_TO_32_BIT_CONVERSION = YES;
				GCC_WARN_ABOUT_RETURN_TYPE = YES_ERROR;
				GCC_WARN_UNDECLARED_SELECTOR = YES;
				GCC_WARN_UNINITIALIZED_AUTOS = YES_AGGRESSIVE;
				GCC_WARN_UNUSED_FUNCTION = YES;
				GCC_WARN_UNUSED_VARIABLE = YES;
				IPHONEOS_DEPLOYMENT_TARGET = 11.2;
				MTL_ENABLE_DEBUG_INFO = NO;
				SDKROOT = iphoneos;
				SWIFT_OPTIMIZATION_LEVEL = "-Owholemodule";
				VALIDATE_PRODUCT = YES;
			};
			name = Release;
		};
		34391262200FEBB1002970BD /* Debug */ = {
			isa = XCBuildConfiguration;
			buildSettings = {
				ASSETCATALOG_COMPILER_APPICON_NAME = AppIcon;
				CODE_SIGN_STYLE = Automatic;
				INFOPLIST_FILE = BucketList/Info.plist;
				LD_RUNPATH_SEARCH_PATHS = "$(inherited) @executable_path/Frameworks";
				PRODUCT_BUNDLE_IDENTIFIER = com.codingdojo.BucketList;
				PRODUCT_NAME = "$(TARGET_NAME)";
				SWIFT_VERSION = 4.0;
				TARGETED_DEVICE_FAMILY = "1,2";
			};
			name = Debug;
		};
		34391263200FEBB1002970BD /* Release */ = {
			isa = XCBuildConfiguration;
			buildSettings = {
				ASSETCATALOG_COMPILER_APPICON_NAME = AppIcon;
				CODE_SIGN_STYLE = Automatic;
				INFOPLIST_FILE = BucketList/Info.plist;
				LD_RUNPATH_SEARCH_PATHS = "$(inherited) @executable_path/Frameworks";
				PRODUCT_BUNDLE_IDENTIFIER = com.codingdojo.BucketList;
				PRODUCT_NAME = "$(TARGET_NAME)";
				SWIFT_VERSION = 4.0;
				TARGETED_DEVICE_FAMILY = "1,2";
			};
			name = Release;
		};
		34391265200FEBB1002970BD /* Debug */ = {
			isa = XCBuildConfiguration;
			buildSettings = {
				ALWAYS_EMBED_SWIFT_STANDARD_LIBRARIES = YES;
				BUNDLE_LOADER = "$(TEST_HOST)";
				CODE_SIGN_STYLE = Automatic;
				INFOPLIST_FILE = BucketListTests/Info.plist;
				LD_RUNPATH_SEARCH_PATHS = "$(inherited) @executable_path/Frameworks @loader_path/Frameworks";
				PRODUCT_BUNDLE_IDENTIFIER = com.codingdojo.BucketListTests;
				PRODUCT_NAME = "$(TARGET_NAME)";
				SWIFT_VERSION = 4.0;
				TARGETED_DEVICE_FAMILY = "1,2";
				TEST_HOST = "$(BUILT_PRODUCTS_DIR)/BucketList.app/BucketList";
			};
			name = Debug;
		};
		34391266200FEBB1002970BD /* Release */ = {
			isa = XCBuildConfiguration;
			buildSettings = {
				ALWAYS_EMBED_SWIFT_STANDARD_LIBRARIES = YES;
				BUNDLE_LOADER = "$(TEST_HOST)";
				CODE_SIGN_STYLE = Automatic;
				INFOPLIST_FILE = BucketListTests/Info.plist;
				LD_RUNPATH_SEARCH_PATHS = "$(inherited) @executable_path/Frameworks @loader_path/Frameworks";
				PRODUCT_BUNDLE_IDENTIFIER = com.codingdojo.BucketListTests;
				PRODUCT_NAME = "$(TARGET_NAME)";
				SWIFT_VERSION = 4.0;
				TARGETED_DEVICE_FAMILY = "1,2";
				TEST_HOST = "$(BUILT_PRODUCTS_DIR)/BucketList.app/BucketList";
			};
			name = Release;
		};
		34391268200FEBB1002970BD /* Debug */ = {
			isa = XCBuildConfiguration;
			buildSettings = {
				ALWAYS_EMBED_SWIFT_STANDARD_LIBRARIES = YES;
				CODE_SIGN_STYLE = Automatic;
				INFOPLIST_FILE = BucketListUITests/Info.plist;
				LD_RUNPATH_SEARCH_PATHS = "$(inherited) @executable_path/Frameworks @loader_path/Frameworks";
				PRODUCT_BUNDLE_IDENTIFIER = com.codingdojo.BucketListUITests;
				PRODUCT_NAME = "$(TARGET_NAME)";
				SWIFT_VERSION = 4.0;
				TARGETED_DEVICE_FAMILY = "1,2";
				TEST_TARGET_NAME = BucketList;
			};
			name = Debug;
		};
		34391269200FEBB1002970BD /* Release */ = {
			isa = XCBuildConfiguration;
			buildSettings = {
				ALWAYS_EMBED_SWIFT_STANDARD_LIBRARIES = YES;
				CODE_SIGN_STYLE = Automatic;
				INFOPLIST_FILE = BucketListUITests/Info.plist;
				LD_RUNPATH_SEARCH_PATHS = "$(inherited) @executable_path/Frameworks @loader_path/Frameworks";
				PRODUCT_BUNDLE_IDENTIFIER = com.codingdojo.BucketListUITests;
				PRODUCT_NAME = "$(TARGET_NAME)";
				SWIFT_VERSION = 4.0;
				TARGETED_DEVICE_FAMILY = "1,2";
				TEST_TARGET_NAME = BucketList;
			};
			name = Release;
		};
/* End XCBuildConfiguration section */

/* Begin XCConfigurationList section */
		34391234200FEBB1002970BD /* Build configuration list for PBXProject "BucketList" */ = {
			isa = XCConfigurationList;
			buildConfigurations = (
				3439125F200FEBB1002970BD /* Debug */,
				34391260200FEBB1002970BD /* Release */,
			);
			defaultConfigurationIsVisible = 0;
			defaultConfigurationName = Release;
		};
		34391261200FEBB1002970BD /* Build configuration list for PBXNativeTarget "BucketList" */ = {
			isa = XCConfigurationList;
			buildConfigurations = (
				34391262200FEBB1002970BD /* Debug */,
				34391263200FEBB1002970BD /* Release */,
			);
			defaultConfigurationIsVisible = 0;
			defaultConfigurationName = Release;
		};
		34391264200FEBB1002970BD /* Build configuration list for PBXNativeTarget "BucketListTests" */ = {
			isa = XCConfigurationList;
			buildConfigurations = (
				34391265200FEBB1002970BD /* Debug */,
				34391266200FEBB1002970BD /* Release */,
			);
			defaultConfigurationIsVisible = 0;
			defaultConfigurationName = Release;
		};
		34391267200FEBB1002970BD /* Build configuration list for PBXNativeTarget "BucketListUITests" */ = {
			isa = XCConfigurationList;
			buildConfigurations = (
				34391268200FEBB1002970BD /* Debug */,
				34391269200FEBB1002970BD /* Release */,
			);
			defaultConfigurationIsVisible = 0;
			defaultConfigurationName = Release;
		};
/* End XCConfigurationList section */

/* Begin XCVersionGroup section */
		348ECC1C20167E7100093787 /* BucketList.xcdatamodeld */ = {
			isa = XCVersionGroup;
			children = (
				348ECC1D20167E7100093787 /* Model.xcdatamodel */,
			);
			currentVersion = 348ECC1D20167E7100093787 /* Model.xcdatamodel */;
			path = BucketList.xcdatamodeld;
			sourceTree = "<group>";
			versionGroupType = wrapper.xcdatamodel;
		};
/* End XCVersionGroup section */
	};
	rootObject = 34391231200FEBB1002970BD /* Project object */;
}
